
Microsoft Visual Studio Solution File, Format Version 12.00
# Visual Studio Version 16
VisualStudioVersion = 16.0.31829.152
MinimumVisualStudioVersion = 10.0.40219.1
Project("{9A19103F-16F7-4668-BE54-9A1E7A4F7556}") = "TvLookup.Core", "TvLookup.Core\TvLookup.Core.csproj", "{DCCDEFA7-0308-4788-94A4-C8B882350803}"
EndProject
Project("{9A19103F-16F7-4668-BE54-9A1E7A4F7556}") = "TvLookup.UI", "TvLookup.UI\TvLookup.UI.csproj", "{6F83BD82-1208-48E6-972B-724BCE5E715A}"
EndProject
Project("{FAE04EC0-301F-11D3-BF4B-00C04F79EFBC}") = "TvLookup.Core.UnitTests", "TvLookup.Core.UnitTests\TvLookup.Core.UnitTests.csproj", "{F81EE157-DE32-4B97-86B2-03214AD8FD9B}"
EndProject
Global
	GlobalSection(SolutionConfigurationPlatforms) = preSolution
		Debug|Any CPU = Debug|Any CPU
		Release|Any CPU = Release|Any CPU
	EndGlobalSection
	GlobalSection(ProjectConfigurationPlatforms) = postSolution
		{DCCDEFA7-0308-4788-94A4-C8B882350803}.Debug|Any CPU.ActiveCfg = Debug|Any CPU
		{DCCDEFA7-0308-4788-94A4-C8B882350803}.Debug|Any CPU.Build.0 = Debug|Any CPU
		{DCCDEFA7-0308-4788-94A4-C8B882350803}.Release|Any CPU.ActiveCfg = Release|Any CPU
		{DCCDEFA7-0308-4788-94A4-C8B882350803}.Release|Any CPU.Build.0 = Release|Any CPU
		{6F83BD82-1208-48E6-972B-724BCE5E715A}.Debug|Any CPU.ActiveCfg = Debug|Any CPU
		{6F83BD82-1208-48E6-972B-724BCE5E715A}.Debug|Any CPU.Build.0 = Debug|Any CPU
		{6F83BD82-1208-48E6-972B-724BCE5E715A}.Release|Any CPU.ActiveCfg = Release|Any CPU
		{6F83BD82-1208-48E6-972B-724BCE5E715A}.Release|Any CPU.Build.0 = Release|Any CPU
		{F81EE157-DE32-4B97-86B2-03214AD8FD9B}.Debug|Any CPU.ActiveCfg = Debug|Any CPU
		{F81EE157-DE32-4B97-86B2-03214AD8FD9B}.Debug|Any CPU.Build.0 = Debug|Any CPU
		{F81EE157-DE32-4B97-86B2-03214AD8FD9B}.Release|Any CPU.ActiveCfg = Release|Any CPU
		{F81EE157-DE32-4B97-86B2-03214AD8FD9B}.Release|Any CPU.Build.0 = Release|Any CPU
	EndGlobalSection
	GlobalSection(SolutionProperties) = preSolution
		HideSolutionNode = FALSE
	EndGlobalSection
	GlobalSection(ExtensibilityGlobals) = postSolution
		SolutionGuid = {2E711615-AD15-40CA-8A9A-6049CCD09812}
	EndGlobalSection
EndGlobal
